// !$*UTF8*$!
{
	archiveVersion = 1;
	classes = {
	};
	objectVersion = 51;
	objects = {

/* Begin PBXBuildFile section */
		0141C101400B376FABB92897 /* Pods_PSIIndexApp.framework in Frameworks */ = {isa = PBXBuildFile; fileRef = 63DE8ADD1D5AB28F9DA6A282 /* Pods_PSIIndexApp.framework */; };
		5A68D9EE5922338EC735FE7F /* Pods_PSIIndexAppTests.framework in Frameworks */ = {isa = PBXBuildFile; fileRef = 5E0F9BEA34444A18D177CF27 /* Pods_PSIIndexAppTests.framework */; };
		6E61C1AC238905C400668099 /* PSIViewModel.swift in Sources */ = {isa = PBXBuildFile; fileRef = 6E61C1AB238905C400668099 /* PSIViewModel.swift */; };
		6E61C1B12389064A00668099 /* Constants.swift in Sources */ = {isa = PBXBuildFile; fileRef = 6E61C1B02389064A00668099 /* Constants.swift */; };
		6E61C1B32389065B00668099 /* APIServiceManager.swift in Sources */ = {isa = PBXBuildFile; fileRef = 6E61C1B22389065B00668099 /* APIServiceManager.swift */; };
		6E61C1B62389089100668099 /* Result.swift in Sources */ = {isa = PBXBuildFile; fileRef = 6E61C1B52389089100668099 /* Result.swift */; };
		6E61C1BA238908CF00668099 /* PSIData.swift in Sources */ = {isa = PBXBuildFile; fileRef = 6E61C1B7238908CF00668099 /* PSIData.swift */; };
		6E61C1BB238908CF00668099 /* PSI.swift in Sources */ = {isa = PBXBuildFile; fileRef = 6E61C1B8238908CF00668099 /* PSI.swift */; };
		6E61C1BC238908CF00668099 /* PSIReading.swift in Sources */ = {isa = PBXBuildFile; fileRef = 6E61C1B9238908CF00668099 /* PSIReading.swift */; };
		6E61C1C723890EEF00668099 /* Localizable.strings in Resources */ = {isa = PBXBuildFile; fileRef = 6E61C1C623890EEF00668099 /* Localizable.strings */; };
		6E61C1CA2389141F00668099 /* InfoView.xib in Resources */ = {isa = PBXBuildFile; fileRef = 6E61C1C82389141F00668099 /* InfoView.xib */; };
		6E61C1CB2389141F00668099 /* InfoView.swift in Sources */ = {isa = PBXBuildFile; fileRef = 6E61C1C92389141F00668099 /* InfoView.swift */; };
		6E987B4A2388D8560002AA05 /* AppDelegate.swift in Sources */ = {isa = PBXBuildFile; fileRef = 6E987B492388D8560002AA05 /* AppDelegate.swift */; };
		6E987B4C2388D8560002AA05 /* SceneDelegate.swift in Sources */ = {isa = PBXBuildFile; fileRef = 6E987B4B2388D8560002AA05 /* SceneDelegate.swift */; };
		6E987B4E2388D8560002AA05 /* PSIViewController.swift in Sources */ = {isa = PBXBuildFile; fileRef = 6E987B4D2388D8560002AA05 /* PSIViewController.swift */; };
		6E987B532388D8560002AA05 /* Main.storyboard in Resources */ = {isa = PBXBuildFile; fileRef = 6E987B512388D8560002AA05 /* Main.storyboard */; };
		6E987B552388D8570002AA05 /* Assets.xcassets in Resources */ = {isa = PBXBuildFile; fileRef = 6E987B542388D8570002AA05 /* Assets.xcassets */; };
		6E987B582388D8570002AA05 /* LaunchScreen.storyboard in Resources */ = {isa = PBXBuildFile; fileRef = 6E987B562388D8570002AA05 /* LaunchScreen.storyboard */; };
		6E987B632388D8570002AA05 /* PSIIndexAppTests.swift in Sources */ = {isa = PBXBuildFile; fileRef = 6E987B622388D8570002AA05 /* PSIIndexAppTests.swift */; };
		6E987B6E2388D8570002AA05 /* PSIIndexAppUITests.swift in Sources */ = {isa = PBXBuildFile; fileRef = 6E987B6D2388D8570002AA05 /* PSIIndexAppUITests.swift */; };
		F20DE0B8CC38D8036173AE7A /* Pods_PSIIndexApp_PSIIndexAppUITests.framework in Frameworks */ = {isa = PBXBuildFile; fileRef = 3E54E6468C274DF5625A0ACC /* Pods_PSIIndexApp_PSIIndexAppUITests.framework */; };
/* End PBXBuildFile section */

/* Begin PBXContainerItemProxy section */
		6E987B5F2388D8570002AA05 /* PBXContainerItemProxy */ = {
			isa = PBXContainerItemProxy;
			containerPortal = 6E987B3E2388D8560002AA05 /* Project object */;
			proxyType = 1;
			remoteGlobalIDString = 6E987B452388D8560002AA05;
			remoteInfo = PSIIndexApp;
		};
		6E987B6A2388D8570002AA05 /* PBXContainerItemProxy */ = {
			isa = PBXContainerItemProxy;
			containerPortal = 6E987B3E2388D8560002AA05 /* Project object */;
			proxyType = 1;
			remoteGlobalIDString = 6E987B452388D8560002AA05;
			remoteInfo = PSIIndexApp;
		};
/* End PBXContainerItemProxy section */

/* Begin PBXFileReference section */
		0251A36234CA18163E6B5CFF /* Pods-PSIIndexAppTests.debug.xcconfig */ = {isa = PBXFileReference; includeInIndex = 1; lastKnownFileType = text.xcconfig; name = "Pods-PSIIndexAppTests.debug.xcconfig"; path = "Target Support Files/Pods-PSIIndexAppTests/Pods-PSIIndexAppTests.debug.xcconfig"; sourceTree = "<group>"; };
		06C4737F5A6A14586F921041 /* Pods-PSIIndexAppTests.release.xcconfig */ = {isa = PBXFileReference; includeInIndex = 1; lastKnownFileType = text.xcconfig; name = "Pods-PSIIndexAppTests.release.xcconfig"; path = "Target Support Files/Pods-PSIIndexAppTests/Pods-PSIIndexAppTests.release.xcconfig"; sourceTree = "<group>"; };
		3E54E6468C274DF5625A0ACC /* Pods_PSIIndexApp_PSIIndexAppUITests.framework */ = {isa = PBXFileReference; explicitFileType = wrapper.framework; includeInIndex = 0; path = Pods_PSIIndexApp_PSIIndexAppUITests.framework; sourceTree = BUILT_PRODUCTS_DIR; };
		3EEABB081787D9A438F66154 /* Pods-PSIIndexApp.release.xcconfig */ = {isa = PBXFileReference; includeInIndex = 1; lastKnownFileType = text.xcconfig; name = "Pods-PSIIndexApp.release.xcconfig"; path = "Target Support Files/Pods-PSIIndexApp/Pods-PSIIndexApp.release.xcconfig"; sourceTree = "<group>"; };
		5E0F9BEA34444A18D177CF27 /* Pods_PSIIndexAppTests.framework */ = {isa = PBXFileReference; explicitFileType = wrapper.framework; includeInIndex = 0; path = Pods_PSIIndexAppTests.framework; sourceTree = BUILT_PRODUCTS_DIR; };
		63DE8ADD1D5AB28F9DA6A282 /* Pods_PSIIndexApp.framework */ = {isa = PBXFileReference; explicitFileType = wrapper.framework; includeInIndex = 0; path = Pods_PSIIndexApp.framework; sourceTree = BUILT_PRODUCTS_DIR; };
		6B24434F1C1F9A474DFF36C7 /* Pods-PSIIndexApp.debug.xcconfig */ = {isa = PBXFileReference; includeInIndex = 1; lastKnownFileType = text.xcconfig; name = "Pods-PSIIndexApp.debug.xcconfig"; path = "Target Support Files/Pods-PSIIndexApp/Pods-PSIIndexApp.debug.xcconfig"; sourceTree = "<group>"; };
		6E61C1AB238905C400668099 /* PSIViewModel.swift */ = {isa = PBXFileReference; lastKnownFileType = sourcecode.swift; path = PSIViewModel.swift; sourceTree = "<group>"; };
		6E61C1B02389064A00668099 /* Constants.swift */ = {isa = PBXFileReference; lastKnownFileType = sourcecode.swift; path = Constants.swift; sourceTree = "<group>"; };
		6E61C1B22389065B00668099 /* APIServiceManager.swift */ = {isa = PBXFileReference; lastKnownFileType = sourcecode.swift; path = APIServiceManager.swift; sourceTree = "<group>"; };
		6E61C1B52389089100668099 /* Result.swift */ = {isa = PBXFileReference; fileEncoding = 4; lastKnownFileType = sourcecode.swift; path = Result.swift; sourceTree = "<group>"; };
		6E61C1B7238908CF00668099 /* PSIData.swift */ = {isa = PBXFileReference; fileEncoding = 4; lastKnownFileType = sourcecode.swift; path = PSIData.swift; sourceTree = "<group>"; };
		6E61C1B8238908CF00668099 /* PSI.swift */ = {isa = PBXFileReference; fileEncoding = 4; lastKnownFileType = sourcecode.swift; path = PSI.swift; sourceTree = "<group>"; };
		6E61C1B9238908CF00668099 /* PSIReading.swift */ = {isa = PBXFileReference; fileEncoding = 4; lastKnownFileType = sourcecode.swift; path = PSIReading.swift; sourceTree = "<group>"; };
		6E61C1C623890EEF00668099 /* Localizable.strings */ = {isa = PBXFileReference; lastKnownFileType = text.plist.strings; path = Localizable.strings; sourceTree = "<group>"; };
		6E61C1C82389141F00668099 /* InfoView.xib */ = {isa = PBXFileReference; fileEncoding = 4; lastKnownFileType = file.xib; path = InfoView.xib; sourceTree = "<group>"; };
		6E61C1C92389141F00668099 /* InfoView.swift */ = {isa = PBXFileReference; fileEncoding = 4; lastKnownFileType = sourcecode.swift; path = InfoView.swift; sourceTree = "<group>"; };
		6E987B462388D8560002AA05 /* PSIIndexApp.app */ = {isa = PBXFileReference; explicitFileType = wrapper.application; includeInIndex = 0; path = PSIIndexApp.app; sourceTree = BUILT_PRODUCTS_DIR; };
		6E987B492388D8560002AA05 /* AppDelegate.swift */ = {isa = PBXFileReference; lastKnownFileType = sourcecode.swift; path = AppDelegate.swift; sourceTree = "<group>"; };
		6E987B4B2388D8560002AA05 /* SceneDelegate.swift */ = {isa = PBXFileReference; lastKnownFileType = sourcecode.swift; path = SceneDelegate.swift; sourceTree = "<group>"; };
		6E987B4D2388D8560002AA05 /* PSIViewController.swift */ = {isa = PBXFileReference; lastKnownFileType = sourcecode.swift; path = PSIViewController.swift; sourceTree = "<group>"; };
		6E987B522388D8560002AA05 /* Base */ = {isa = PBXFileReference; lastKnownFileType = file.storyboard; name = Base; path = Base.lproj/Main.storyboard; sourceTree = "<group>"; };
		6E987B542388D8570002AA05 /* Assets.xcassets */ = {isa = PBXFileReference; lastKnownFileType = folder.assetcatalog; path = Assets.xcassets; sourceTree = "<group>"; };
		6E987B572388D8570002AA05 /* Base */ = {isa = PBXFileReference; lastKnownFileType = file.storyboard; name = Base; path = Base.lproj/LaunchScreen.storyboard; sourceTree = "<group>"; };
		6E987B592388D8570002AA05 /* Info.plist */ = {isa = PBXFileReference; lastKnownFileType = text.plist.xml; path = Info.plist; sourceTree = "<group>"; };
		6E987B5E2388D8570002AA05 /* PSIIndexAppTests.xctest */ = {isa = PBXFileReference; explicitFileType = wrapper.cfbundle; includeInIndex = 0; path = PSIIndexAppTests.xctest; sourceTree = BUILT_PRODUCTS_DIR; };
		6E987B622388D8570002AA05 /* PSIIndexAppTests.swift */ = {isa = PBXFileReference; lastKnownFileType = sourcecode.swift; path = PSIIndexAppTests.swift; sourceTree = "<group>"; };
		6E987B642388D8570002AA05 /* Info.plist */ = {isa = PBXFileReference; lastKnownFileType = text.plist.xml; path = Info.plist; sourceTree = "<group>"; };
		6E987B692388D8570002AA05 /* PSIIndexAppUITests.xctest */ = {isa = PBXFileReference; explicitFileType = wrapper.cfbundle; includeInIndex = 0; path = PSIIndexAppUITests.xctest; sourceTree = BUILT_PRODUCTS_DIR; };
		6E987B6D2388D8570002AA05 /* PSIIndexAppUITests.swift */ = {isa = PBXFileReference; lastKnownFileType = sourcecode.swift; path = PSIIndexAppUITests.swift; sourceTree = "<group>"; };
		6E987B6F2388D8570002AA05 /* Info.plist */ = {isa = PBXFileReference; lastKnownFileType = text.plist.xml; path = Info.plist; sourceTree = "<group>"; };
		8915D0F9E6473D5379CC917A /* Pods-PSIIndexApp-PSIIndexAppUITests.release.xcconfig */ = {isa = PBXFileReference; includeInIndex = 1; lastKnownFileType = text.xcconfig; name = "Pods-PSIIndexApp-PSIIndexAppUITests.release.xcconfig"; path = "Target Support Files/Pods-PSIIndexApp-PSIIndexAppUITests/Pods-PSIIndexApp-PSIIndexAppUITests.release.xcconfig"; sourceTree = "<group>"; };
		B65BB26518A0550D18BB8F7D /* Pods-PSIIndexApp-PSIIndexAppUITests.debug.xcconfig */ = {isa = PBXFileReference; includeInIndex = 1; lastKnownFileType = text.xcconfig; name = "Pods-PSIIndexApp-PSIIndexAppUITests.debug.xcconfig"; path = "Target Support Files/Pods-PSIIndexApp-PSIIndexAppUITests/Pods-PSIIndexApp-PSIIndexAppUITests.debug.xcconfig"; sourceTree = "<group>"; };
/* End PBXFileReference section */

/* Begin PBXFrameworksBuildPhase section */
		6E987B432388D8560002AA05 /* Frameworks */ = {
			isa = PBXFrameworksBuildPhase;
			buildActionMask = 2147483647;
			files = (
				0141C101400B376FABB92897 /* Pods_PSIIndexApp.framework in Frameworks */,
			);
			runOnlyForDeploymentPostprocessing = 0;
		};
		6E987B5B2388D8570002AA05 /* Frameworks */ = {
			isa = PBXFrameworksBuildPhase;
			buildActionMask = 2147483647;
			files = (
				5A68D9EE5922338EC735FE7F /* Pods_PSIIndexAppTests.framework in Frameworks */,
			);
			runOnlyForDeploymentPostprocessing = 0;
		};
		6E987B662388D8570002AA05 /* Frameworks */ = {
			isa = PBXFrameworksBuildPhase;
			buildActionMask = 2147483647;
			files = (
				F20DE0B8CC38D8036173AE7A /* Pods_PSIIndexApp_PSIIndexAppUITests.framework in Frameworks */,
			);
			runOnlyForDeploymentPostprocessing = 0;
		};
/* End PBXFrameworksBuildPhase section */

/* Begin PBXGroup section */
		6E61C1AA238905AD00668099 /* Models */ = {
			isa = PBXGroup;
			children = (
				6E61C1B8238908CF00668099 /* PSI.swift */,
				6E61C1B7238908CF00668099 /* PSIData.swift */,
				6E61C1B9238908CF00668099 /* PSIReading.swift */,
				6E61C1AB238905C400668099 /* PSIViewModel.swift */,
			);
			path = Models;
			sourceTree = "<group>";
		};
		6E61C1AE2389062E00668099 /* Services */ = {
			isa = PBXGroup;
			children = (
				6E61C1B22389065B00668099 /* APIServiceManager.swift */,
			);
			path = Services;
			sourceTree = "<group>";
		};
		6E61C1AF2389063700668099 /* Constants */ = {
			isa = PBXGroup;
			children = (
				6E61C1B02389064A00668099 /* Constants.swift */,
			);
			path = Constants;
			sourceTree = "<group>";
		};
		6E61C1B42389085400668099 /* Helpers */ = {
			isa = PBXGroup;
			children = (
				6E61C1B52389089100668099 /* Result.swift */,
			);
			path = Helpers;
			sourceTree = "<group>";
		};
		6E61C1BD2389097800668099 /* CustomCell */ = {
			isa = PBXGroup;
			children = (
				6E61C1C92389141F00668099 /* InfoView.swift */,
				6E61C1C82389141F00668099 /* InfoView.xib */,
			);
			path = CustomCell;
			sourceTree = "<group>";
		};
		6E987B3D2388D8560002AA05 = {
			isa = PBXGroup;
			children = (
				6E987B482388D8560002AA05 /* PSIIndexApp */,
				6E987B612388D8570002AA05 /* PSIIndexAppTests */,
				6E987B6C2388D8570002AA05 /* PSIIndexAppUITests */,
				6E987B472388D8560002AA05 /* Products */,
				8EA1FAE20D91AACAA78AD8AB /* Pods */,
				9E490E6E822ECC80047AD1FE /* Frameworks */,
			);
			sourceTree = "<group>";
		};
		6E987B472388D8560002AA05 /* Products */ = {
			isa = PBXGroup;
			children = (
				6E987B462388D8560002AA05 /* PSIIndexApp.app */,
				6E987B5E2388D8570002AA05 /* PSIIndexAppTests.xctest */,
				6E987B692388D8570002AA05 /* PSIIndexAppUITests.xctest */,
			);
			name = Products;
			sourceTree = "<group>";
		};
		6E987B482388D8560002AA05 /* PSIIndexApp */ = {
			isa = PBXGroup;
			children = (
				6E61C1BD2389097800668099 /* CustomCell */,
				6E61C1B42389085400668099 /* Helpers */,
				6E61C1AF2389063700668099 /* Constants */,
				6E61C1AE2389062E00668099 /* Services */,
				6E61C1AA238905AD00668099 /* Models */,
				6E987B492388D8560002AA05 /* AppDelegate.swift */,
				6E987B4B2388D8560002AA05 /* SceneDelegate.swift */,
				6E987B4D2388D8560002AA05 /* PSIViewController.swift */,
				6E987B512388D8560002AA05 /* Main.storyboard */,
				6E987B542388D8570002AA05 /* Assets.xcassets */,
				6E987B562388D8570002AA05 /* LaunchScreen.storyboard */,
				6E987B592388D8570002AA05 /* Info.plist */,
				6E61C1C623890EEF00668099 /* Localizable.strings */,
			);
			path = PSIIndexApp;
			sourceTree = "<group>";
		};
		6E987B612388D8570002AA05 /* PSIIndexAppTests */ = {
			isa = PBXGroup;
			children = (
				6E987B622388D8570002AA05 /* PSIIndexAppTests.swift */,
				6E987B642388D8570002AA05 /* Info.plist */,
			);
			path = PSIIndexAppTests;
			sourceTree = "<group>";
		};
		6E987B6C2388D8570002AA05 /* PSIIndexAppUITests */ = {
			isa = PBXGroup;
			children = (
				6E987B6D2388D8570002AA05 /* PSIIndexAppUITests.swift */,
				6E987B6F2388D8570002AA05 /* Info.plist */,
			);
			path = PSIIndexAppUITests;
			sourceTree = "<group>";
		};
		8EA1FAE20D91AACAA78AD8AB /* Pods */ = {
			isa = PBXGroup;
			children = (
				6B24434F1C1F9A474DFF36C7 /* Pods-PSIIndexApp.debug.xcconfig */,
				3EEABB081787D9A438F66154 /* Pods-PSIIndexApp.release.xcconfig */,
				B65BB26518A0550D18BB8F7D /* Pods-PSIIndexApp-PSIIndexAppUITests.debug.xcconfig */,
				8915D0F9E6473D5379CC917A /* Pods-PSIIndexApp-PSIIndexAppUITests.release.xcconfig */,
				0251A36234CA18163E6B5CFF /* Pods-PSIIndexAppTests.debug.xcconfig */,
				06C4737F5A6A14586F921041 /* Pods-PSIIndexAppTests.release.xcconfig */,
			);
			path = Pods;
			sourceTree = "<group>";
		};
		9E490E6E822ECC80047AD1FE /* Frameworks */ = {
			isa = PBXGroup;
			children = (
				63DE8ADD1D5AB28F9DA6A282 /* Pods_PSIIndexApp.framework */,
				3E54E6468C274DF5625A0ACC /* Pods_PSIIndexApp_PSIIndexAppUITests.framework */,
				5E0F9BEA34444A18D177CF27 /* Pods_PSIIndexAppTests.framework */,
			);
			name = Frameworks;
			sourceTree = "<group>";
		};
/* End PBXGroup section */

/* Begin PBXNativeTarget section */
		6E987B452388D8560002AA05 /* PSIIndexApp */ = {
			isa = PBXNativeTarget;
			buildConfigurationList = 6E987B722388D8570002AA05 /* Build configuration list for PBXNativeTarget "PSIIndexApp" */;
			buildPhases = (
				3DF59FC1654C2BD70E111317 /* [CP] Check Pods Manifest.lock */,
				6E987B422388D8560002AA05 /* Sources */,
				6E987B432388D8560002AA05 /* Frameworks */,
				6E987B442388D8560002AA05 /* Resources */,
				1F53E69448C7A69AB74A285B /* [CP] Embed Pods Frameworks */,
				8C5C04B77F7AEDE30047087C /* [CP] Copy Pods Resources */,
			);
			buildRules = (
			);
			dependencies = (
			);
			name = PSIIndexApp;
			productName = PSIIndexApp;
			productReference = 6E987B462388D8560002AA05 /* PSIIndexApp.app */;
			productType = "com.apple.product-type.application";
		};
		6E987B5D2388D8570002AA05 /* PSIIndexAppTests */ = {
			isa = PBXNativeTarget;
			buildConfigurationList = 6E987B752388D8570002AA05 /* Build configuration list for PBXNativeTarget "PSIIndexAppTests" */;
			buildPhases = (
				490407D28EF4A979F6E1AA7B /* [CP] Check Pods Manifest.lock */,
				6E987B5A2388D8570002AA05 /* Sources */,
				6E987B5B2388D8570002AA05 /* Frameworks */,
				6E987B5C2388D8570002AA05 /* Resources */,
				B19B30724D5C1A1872AD3422 /* [CP] Embed Pods Frameworks */,
			);
			buildRules = (
			);
			dependencies = (
				6E987B602388D8570002AA05 /* PBXTargetDependency */,
			);
			name = PSIIndexAppTests;
			productName = PSIIndexAppTests;
			productReference = 6E987B5E2388D8570002AA05 /* PSIIndexAppTests.xctest */;
			productType = "com.apple.product-type.bundle.unit-test";
		};
		6E987B682388D8570002AA05 /* PSIIndexAppUITests */ = {
			isa = PBXNativeTarget;
			buildConfigurationList = 6E987B782388D8570002AA05 /* Build configuration list for PBXNativeTarget "PSIIndexAppUITests" */;
			buildPhases = (
				7B423A5DE4A64C54CECB36BF /* [CP] Check Pods Manifest.lock */,
				6E987B652388D8570002AA05 /* Sources */,
				6E987B662388D8570002AA05 /* Frameworks */,
				6E987B672388D8570002AA05 /* Resources */,
				A07FA08E314114175619C609 /* [CP] Embed Pods Frameworks */,
				190C035A4D64A93BE1EBAF78 /* [CP] Copy Pods Resources */,
			);
			buildRules = (
			);
			dependencies = (
				6E987B6B2388D8570002AA05 /* PBXTargetDependency */,
			);
			name = PSIIndexAppUITests;
			productName = PSIIndexAppUITests;
			productReference = 6E987B692388D8570002AA05 /* PSIIndexAppUITests.xctest */;
			productType = "com.apple.product-type.bundle.ui-testing";
		};
/* End PBXNativeTarget section */

/* Begin PBXProject section */
		6E987B3E2388D8560002AA05 /* Project object */ = {
			isa = PBXProject;
			attributes = {
				LastSwiftUpdateCheck = 1110;
				LastUpgradeCheck = 1110;
				ORGANIZATIONNAME = Prateek;
				TargetAttributes = {
					6E987B452388D8560002AA05 = {
						CreatedOnToolsVersion = 11.1;
					};
					6E987B5D2388D8570002AA05 = {
						CreatedOnToolsVersion = 11.1;
						TestTargetID = 6E987B452388D8560002AA05;
					};
					6E987B682388D8570002AA05 = {
						CreatedOnToolsVersion = 11.1;
						TestTargetID = 6E987B452388D8560002AA05;
					};
				};
			};
			buildConfigurationList = 6E987B412388D8560002AA05 /* Build configuration list for PBXProject "PSIIndexApp" */;
			compatibilityVersion = "Xcode 9.3";
			developmentRegion = en;
			hasScannedForEncodings = 0;
			knownRegions = (
				en,
				Base,
			);
			mainGroup = 6E987B3D2388D8560002AA05;
			productRefGroup = 6E987B472388D8560002AA05 /* Products */;
			projectDirPath = "";
			projectRoot = "";
			targets = (
				6E987B452388D8560002AA05 /* PSIIndexApp */,
				6E987B5D2388D8570002AA05 /* PSIIndexAppTests */,
				6E987B682388D8570002AA05 /* PSIIndexAppUITests */,
			);
		};
/* End PBXProject section */

/* Begin PBXResourcesBuildPhase section */
		6E987B442388D8560002AA05 /* Resources */ = {
			isa = PBXResourcesBuildPhase;
			buildActionMask = 2147483647;
			files = (
				6E61C1C723890EEF00668099 /* Localizable.strings in Resources */,
				6E987B582388D8570002AA05 /* LaunchScreen.storyboard in Resources */,
				6E61C1CA2389141F00668099 /* InfoView.xib in Resources */,
				6E987B552388D8570002AA05 /* Assets.xcassets in Resources */,
				6E987B532388D8560002AA05 /* Main.storyboard in Resources */,
			);
			runOnlyForDeploymentPostprocessing = 0;
		};
		6E987B5C2388D8570002AA05 /* Resources */ = {
			isa = PBXResourcesBuildPhase;
			buildActionMask = 2147483647;
			files = (
			);
			runOnlyForDeploymentPostprocessing = 0;
		};
		6E987B672388D8570002AA05 /* Resources */ = {
			isa = PBXResourcesBuildPhase;
			buildActionMask = 2147483647;
			files = (
			);
			runOnlyForDeploymentPostprocessing = 0;
		};
/* End PBXResourcesBuildPhase section */

/* Begin PBXShellScriptBuildPhase section */
		190C035A4D64A93BE1EBAF78 /* [CP] Copy Pods Resources */ = {
			isa = PBXShellScriptBuildPhase;
			buildActionMask = 2147483647;
			files = (
			);
			inputFileListPaths = (
				"${PODS_ROOT}/Target Support Files/Pods-PSIIndexApp-PSIIndexAppUITests/Pods-PSIIndexApp-PSIIndexAppUITests-resources-${CONFIGURATION}-input-files.xcfilelist",
			);
			name = "[CP] Copy Pods Resources";
			outputFileListPaths = (
				"${PODS_ROOT}/Target Support Files/Pods-PSIIndexApp-PSIIndexAppUITests/Pods-PSIIndexApp-PSIIndexAppUITests-resources-${CONFIGURATION}-output-files.xcfilelist",
			);
			runOnlyForDeploymentPostprocessing = 0;
			shellPath = /bin/sh;
			shellScript = "\"${PODS_ROOT}/Target Support Files/Pods-PSIIndexApp-PSIIndexAppUITests/Pods-PSIIndexApp-PSIIndexAppUITests-resources.sh\"\n";
			showEnvVarsInLog = 0;
		};
		1F53E69448C7A69AB74A285B /* [CP] Embed Pods Frameworks */ = {
			isa = PBXShellScriptBuildPhase;
			buildActionMask = 2147483647;
			files = (
			);
			inputFileListPaths = (
				"${PODS_ROOT}/Target Support Files/Pods-PSIIndexApp/Pods-PSIIndexApp-frameworks-${CONFIGURATION}-input-files.xcfilelist",
			);
			name = "[CP] Embed Pods Frameworks";
			outputFileListPaths = (
				"${PODS_ROOT}/Target Support Files/Pods-PSIIndexApp/Pods-PSIIndexApp-frameworks-${CONFIGURATION}-output-files.xcfilelist",
			);
			runOnlyForDeploymentPostprocessing = 0;
			shellPath = /bin/sh;
			shellScript = "\"${PODS_ROOT}/Target Support Files/Pods-PSIIndexApp/Pods-PSIIndexApp-frameworks.sh\"\n";
			showEnvVarsInLog = 0;
		};
		3DF59FC1654C2BD70E111317 /* [CP] Check Pods Manifest.lock */ = {
			isa = PBXShellScriptBuildPhase;
			buildActionMask = 2147483647;
			files = (
			);
			inputFileListPaths = (
			);
			inputPaths = (
				"${PODS_PODFILE_DIR_PATH}/Podfile.lock",
				"${PODS_ROOT}/Manifest.lock",
			);
			name = "[CP] Check Pods Manifest.lock";
			outputFileListPaths = (
			);
			outputPaths = (
				"$(DERIVED_FILE_DIR)/Pods-PSIIndexApp-checkManifestLockResult.txt",
			);
			runOnlyForDeploymentPostprocessing = 0;
			shellPath = /bin/sh;
			shellScript = "diff \"${PODS_PODFILE_DIR_PATH}/Podfile.lock\" \"${PODS_ROOT}/Manifest.lock\" > /dev/null\nif [ $? != 0 ] ; then\n    # print error to STDERR\n    echo \"error: The sandbox is not in sync with the Podfile.lock. Run 'pod install' or update your CocoaPods installation.\" >&2\n    exit 1\nfi\n# This output is used by Xcode 'outputs' to avoid re-running this script phase.\necho \"SUCCESS\" > \"${SCRIPT_OUTPUT_FILE_0}\"\n";
			showEnvVarsInLog = 0;
		};
		490407D28EF4A979F6E1AA7B /* [CP] Check Pods Manifest.lock */ = {
			isa = PBXShellScriptBuildPhase;
			buildActionMask = 2147483647;
			files = (
			);
			inputFileListPaths = (
			);
			inputPaths = (
				"${PODS_PODFILE_DIR_PATH}/Podfile.lock",
				"${PODS_ROOT}/Manifest.lock",
			);
			name = "[CP] Check Pods Manifest.lock";
			outputFileListPaths = (
			);
			outputPaths = (
				"$(DERIVED_FILE_DIR)/Pods-PSIIndexAppTests-checkManifestLockResult.txt",
			);
			runOnlyForDeploymentPostprocessing = 0;
			shellPath = /bin/sh;
			shellScript = "diff \"${PODS_PODFILE_DIR_PATH}/Podfile.lock\" \"${PODS_ROOT}/Manifest.lock\" > /dev/null\nif [ $? != 0 ] ; then\n    # print error to STDERR\n    echo \"error: The sandbox is not in sync with the Podfile.lock. Run 'pod install' or update your CocoaPods installation.\" >&2\n    exit 1\nfi\n# This output is used by Xcode 'outputs' to avoid re-running this script phase.\necho \"SUCCESS\" > \"${SCRIPT_OUTPUT_FILE_0}\"\n";
			showEnvVarsInLog = 0;
		};
		7B423A5DE4A64C54CECB36BF /* [CP] Check Pods Manifest.lock */ = {
			isa = PBXShellScriptBuildPhase;
			buildActionMask = 2147483647;
			files = (
			);
			inputFileListPaths = (
			);
			inputPaths = (
				"${PODS_PODFILE_DIR_PATH}/Podfile.lock",
				"${PODS_ROOT}/Manifest.lock",
			);
			name = "[CP] Check Pods Manifest.lock";
			outputFileListPaths = (
			);
			outputPaths = (
				"$(DERIVED_FILE_DIR)/Pods-PSIIndexApp-PSIIndexAppUITests-checkManifestLockResult.txt",
			);
			runOnlyForDeploymentPostprocessing = 0;
			shellPath = /bin/sh;
			shellScript = "diff \"${PODS_PODFILE_DIR_PATH}/Podfile.lock\" \"${PODS_ROOT}/Manifest.lock\" > /dev/null\nif [ $? != 0 ] ; then\n    # print error to STDERR\n    echo \"error: The sandbox is not in sync with the Podfile.lock. Run 'pod install' or update your CocoaPods installation.\" >&2\n    exit 1\nfi\n# This output is used by Xcode 'outputs' to avoid re-running this script phase.\necho \"SUCCESS\" > \"${SCRIPT_OUTPUT_FILE_0}\"\n";
			showEnvVarsInLog = 0;
		};
		8C5C04B77F7AEDE30047087C /* [CP] Copy Pods Resources */ = {
			isa = PBXShellScriptBuildPhase;
			buildActionMask = 2147483647;
			files = (
			);
			inputFileListPaths = (
				"${PODS_ROOT}/Target Support Files/Pods-PSIIndexApp/Pods-PSIIndexApp-resources-${CONFIGURATION}-input-files.xcfilelist",
			);
			name = "[CP] Copy Pods Resources";
			outputFileListPaths = (
				"${PODS_ROOT}/Target Support Files/Pods-PSIIndexApp/Pods-PSIIndexApp-resources-${CONFIGURATION}-output-files.xcfilelist",
			);
			runOnlyForDeploymentPostprocessing = 0;
			shellPath = /bin/sh;
			shellScript = "\"${PODS_ROOT}/Target Support Files/Pods-PSIIndexApp/Pods-PSIIndexApp-resources.sh\"\n";
			showEnvVarsInLog = 0;
		};
		A07FA08E314114175619C609 /* [CP] Embed Pods Frameworks */ = {
			isa = PBXShellScriptBuildPhase;
			buildActionMask = 2147483647;
			files = (
			);
			inputFileListPaths = (
				"${PODS_ROOT}/Target Support Files/Pods-PSIIndexApp-PSIIndexAppUITests/Pods-PSIIndexApp-PSIIndexAppUITests-frameworks-${CONFIGURATION}-input-files.xcfilelist",
			);
			name = "[CP] Embed Pods Frameworks";
			outputFileListPaths = (
				"${PODS_ROOT}/Target Support Files/Pods-PSIIndexApp-PSIIndexAppUITests/Pods-PSIIndexApp-PSIIndexAppUITests-frameworks-${CONFIGURATION}-output-files.xcfilelist",
			);
			runOnlyForDeploymentPostprocessing = 0;
			shellPath = /bin/sh;
			shellScript = "\"${PODS_ROOT}/Target Support Files/Pods-PSIIndexApp-PSIIndexAppUITests/Pods-PSIIndexApp-PSIIndexAppUITests-frameworks.sh\"\n";
			showEnvVarsInLog = 0;
		};
		B19B30724D5C1A1872AD3422 /* [CP] Embed Pods Frameworks */ = {
			isa = PBXShellScriptBuildPhase;
			buildActionMask = 2147483647;
			files = (
			);
			inputFileListPaths = (
				"${PODS_ROOT}/Target Support Files/Pods-PSIIndexAppTests/Pods-PSIIndexAppTests-frameworks-${CONFIGURATION}-input-files.xcfilelist",
			);
			name = "[CP] Embed Pods Frameworks";
			outputFileListPaths = (
				"${PODS_ROOT}/Target Support Files/Pods-PSIIndexAppTests/Pods-PSIIndexAppTests-frameworks-${CONFIGURATION}-output-files.xcfilelist",
			);
			runOnlyForDeploymentPostprocessing = 0;
			shellPath = /bin/sh;
			shellScript = "\"${PODS_ROOT}/Target Support Files/Pods-PSIIndexAppTests/Pods-PSIIndexAppTests-frameworks.sh\"\n";
			showEnvVarsInLog = 0;
		};
/* End PBXShellScriptBuildPhase section */

/* Begin PBXSourcesBuildPhase section */
		6E987B422388D8560002AA05 /* Sources */ = {
			isa = PBXSourcesBuildPhase;
			buildActionMask = 2147483647;
			files = (
				6E61C1B12389064A00668099 /* Constants.swift in Sources */,
				6E61C1CB2389141F00668099 /* InfoView.swift in Sources */,
				6E61C1BB238908CF00668099 /* PSI.swift in Sources */,
				6E987B4E2388D8560002AA05 /* PSIViewController.swift in Sources */,
				6E61C1AC238905C400668099 /* PSIViewModel.swift in Sources */,
				6E987B4A2388D8560002AA05 /* AppDelegate.swift in Sources */,
				6E61C1B62389089100668099 /* Result.swift in Sources */,
				6E61C1B32389065B00668099 /* APIServiceManager.swift in Sources */,
				6E61C1BC238908CF00668099 /* PSIReading.swift in Sources */,
				6E61C1BA238908CF00668099 /* PSIData.swift in Sources */,
				6E987B4C2388D8560002AA05 /* SceneDelegate.swift in Sources */,
			);
			runOnlyForDeploymentPostprocessing = 0;
		};
		6E987B5A2388D8570002AA05 /* Sources */ = {
			isa = PBXSourcesBuildPhase;
			buildActionMask = 2147483647;
			files = (
				6E987B632388D8570002AA05 /* PSIIndexAppTests.swift in Sources */,
			);
			runOnlyForDeploymentPostprocessing = 0;
		};
		6E987B652388D8570002AA05 /* Sources */ = {
			isa = PBXSourcesBuildPhase;
			buildActionMask = 2147483647;
			files = (
				6E987B6E2388D8570002AA05 /* PSIIndexAppUITests.swift in Sources */,
			);
			runOnlyForDeploymentPostprocessing = 0;
		};
/* End PBXSourcesBuildPhase section */

/* Begin PBXTargetDependency section */
		6E987B602388D8570002AA05 /* PBXTargetDependency */ = {
			isa = PBXTargetDependency;
			target = 6E987B452388D8560002AA05 /* PSIIndexApp */;
			targetProxy = 6E987B5F2388D8570002AA05 /* PBXContainerItemProxy */;
		};
		6E987B6B2388D8570002AA05 /* PBXTargetDependency */ = {
			isa = PBXTargetDependency;
			target = 6E987B452388D8560002AA05 /* PSIIndexApp */;
			targetProxy = 6E987B6A2388D8570002AA05 /* PBXContainerItemProxy */;
		};
/* End PBXTargetDependency section */

/* Begin PBXVariantGroup section */
		6E987B512388D8560002AA05 /* Main.storyboard */ = {
			isa = PBXVariantGroup;
			children = (
				6E987B522388D8560002AA05 /* Base */,
			);
			name = Main.storyboard;
			sourceTree = "<group>";
		};
		6E987B562388D8570002AA05 /* LaunchScreen.storyboard */ = {
			isa = PBXVariantGroup;
			children = (
				6E987B572388D8570002AA05 /* Base */,
			);
			name = LaunchScreen.storyboard;
			sourceTree = "<group>";
		};
/* End PBXVariantGroup section */

/* Begin XCBuildConfiguration section */
		6E987B702388D8570002AA05 /* Debug */ = {
			isa = XCBuildConfiguration;
			buildSettings = {
				ALWAYS_SEARCH_USER_PATHS = NO;
				CLANG_ANALYZER_LOCALIZABILITY_NONLOCALIZED = YES;
				CLANG_ANALYZER_NONNULL = YES;
				CLANG_ANALYZER_NUMBER_OBJECT_CONVERSION = YES_AGGRESSIVE;
				CLANG_CXX_LANGUAGE_STANDARD = "gnu++14";
				CLANG_CXX_LIBRARY = "libc++";
				CLANG_ENABLE_MODULES = YES;
				CLANG_ENABLE_OBJC_ARC = YES;
				CLANG_ENABLE_OBJC_WEAK = YES;
				CLANG_WARN_BLOCK_CAPTURE_AUTORELEASING = YES;
				CLANG_WARN_BOOL_CONVERSION = YES;
				CLANG_WARN_COMMA = YES;
				CLANG_WARN_CONSTANT_CONVERSION = YES;
				CLANG_WARN_DEPRECATED_OBJC_IMPLEMENTATIONS = YES;
				CLANG_WARN_DIRECT_OBJC_ISA_USAGE = YES_ERROR;
				CLANG_WARN_DOCUMENTATION_COMMENTS = YES;
				CLANG_WARN_EMPTY_BODY = YES;
				CLANG_WARN_ENUM_CONVERSION = YES;
				CLANG_WARN_INFINITE_RECURSION = YES;
				CLANG_WARN_INT_CONVERSION = YES;
				CLANG_WARN_NON_LITERAL_NULL_CONVERSION = YES;
				CLANG_WARN_OBJC_IMPLICIT_RETAIN_SELF = YES;
				CLANG_WARN_OBJC_LITERAL_CONVERSION = YES;
				CLANG_WARN_OBJC_ROOT_CLASS = YES_ERROR;
				CLANG_WARN_RANGE_LOOP_ANALYSIS = YES;
				CLANG_WARN_STRICT_PROTOTYPES = YES;
				CLANG_WARN_SUSPICIOUS_MOVE = YES;
				CLANG_WARN_UNGUARDED_AVAILABILITY = YES_AGGRESSIVE;
				CLANG_WARN_UNREACHABLE_CODE = YES;
				CLANG_WARN__DUPLICATE_METHOD_MATCH = YES;
				COPY_PHASE_STRIP = NO;
				DEBUG_INFORMATION_FORMAT = dwarf;
				ENABLE_STRICT_OBJC_MSGSEND = YES;
				ENABLE_TESTABILITY = YES;
				GCC_C_LANGUAGE_STANDARD = gnu11;
				GCC_DYNAMIC_NO_PIC = NO;
				GCC_NO_COMMON_BLOCKS = YES;
				GCC_OPTIMIZATION_LEVEL = 0;
				GCC_PREPROCESSOR_DEFINITIONS = (
					"DEBUG=1",
					"$(inherited)",
				);
				GCC_WARN_64_TO_32_BIT_CONVERSION = YES;
				GCC_WARN_ABOUT_RETURN_TYPE = YES_ERROR;
				GCC_WARN_UNDECLARED_SELECTOR = YES;
				GCC_WARN_UNINITIALIZED_AUTOS = YES_AGGRESSIVE;
				GCC_WARN_UNUSED_FUNCTION = YES;
				GCC_WARN_UNUSED_VARIABLE = YES;
				IPHONEOS_DEPLOYMENT_TARGET = 13.1;
				MTL_ENABLE_DEBUG_INFO = INCLUDE_SOURCE;
				MTL_FAST_MATH = YES;
				ONLY_ACTIVE_ARCH = YES;
				SDKROOT = iphoneos;
				SWIFT_ACTIVE_COMPILATION_CONDITIONS = DEBUG;
				SWIFT_OPTIMIZATION_LEVEL = "-Onone";
			};
			name = Debug;
		};
		6E987B712388D8570002AA05 /* Release */ = {
			isa = XCBuildConfiguration;
			buildSettings = {
				ALWAYS_SEARCH_USER_PATHS = NO;
				CLANG_ANALYZER_LOCALIZABILITY_NONLOCALIZED = YES;
				CLANG_ANALYZER_NONNULL = YES;
				CLANG_ANALYZER_NUMBER_OBJECT_CONVERSION = YES_AGGRESSIVE;
				CLANG_CXX_LANGUAGE_STANDARD = "gnu++14";
				CLANG_CXX_LIBRARY = "libc++";
				CLANG_ENABLE_MODULES = YES;
				CLANG_ENABLE_OBJC_ARC = YES;
				CLANG_ENABLE_OBJC_WEAK = YES;
				CLANG_WARN_BLOCK_CAPTURE_AUTORELEASING = YES;
				CLANG_WARN_BOOL_CONVERSION = YES;
				CLANG_WARN_COMMA = YES;
				CLANG_WARN_CONSTANT_CONVERSION = YES;
				CLANG_WARN_DEPRECATED_OBJC_IMPLEMENTATIONS = YES;
				CLANG_WARN_DIRECT_OBJC_ISA_USAGE = YES_ERROR;
				CLANG_WARN_DOCUMENTATION_COMMENTS = YES;
				CLANG_WARN_EMPTY_BODY = YES;
				CLANG_WARN_ENUM_CONVERSION = YES;
				CLANG_WARN_INFINITE_RECURSION = YES;
				CLANG_WARN_INT_CONVERSION = YES;
				CLANG_WARN_NON_LITERAL_NULL_CONVERSION = YES;
				CLANG_WARN_OBJC_IMPLICIT_RETAIN_SELF = YES;
				CLANG_WARN_OBJC_LITERAL_CONVERSION = YES;
				CLANG_WARN_OBJC_ROOT_CLASS = YES_ERROR;
				CLANG_WARN_RANGE_LOOP_ANALYSIS = YES;
				CLANG_WARN_STRICT_PROTOTYPES = YES;
				CLANG_WARN_SUSPICIOUS_MOVE = YES;
				CLANG_WARN_UNGUARDED_AVAILABILITY = YES_AGGRESSIVE;
				CLANG_WARN_UNREACHABLE_CODE = YES;
				CLANG_WARN__DUPLICATE_METHOD_MATCH = YES;
				COPY_PHASE_STRIP = NO;
				DEBUG_INFORMATION_FORMAT = "dwarf-with-dsym";
				ENABLE_NS_ASSERTIONS = NO;
				ENABLE_STRICT_OBJC_MSGSEND = YES;
				GCC_C_LANGUAGE_STANDARD = gnu11;
				GCC_NO_COMMON_BLOCKS = YES;
				GCC_WARN_64_TO_32_BIT_CONVERSION = YES;
				GCC_WARN_ABOUT_RETURN_TYPE = YES_ERROR;
				GCC_WARN_UNDECLARED_SELECTOR = YES;
				GCC_WARN_UNINITIALIZED_AUTOS = YES_AGGRESSIVE;
				GCC_WARN_UNUSED_FUNCTION = YES;
				GCC_WARN_UNUSED_VARIABLE = YES;
				IPHONEOS_DEPLOYMENT_TARGET = 13.1;
				MTL_ENABLE_DEBUG_INFO = NO;
				MTL_FAST_MATH = YES;
				SDKROOT = iphoneos;
				SWIFT_COMPILATION_MODE = wholemodule;
				SWIFT_OPTIMIZATION_LEVEL = "-O";
				VALIDATE_PRODUCT = YES;
			};
			name = Release;
		};
		6E987B732388D8570002AA05 /* Debug */ = {
			isa = XCBuildConfiguration;
			baseConfigurationReference = 6B24434F1C1F9A474DFF36C7 /* Pods-PSIIndexApp.debug.xcconfig */;
			buildSettings = {
				ASSETCATALOG_COMPILER_APPICON_NAME = AppIcon;
				CODE_SIGN_STYLE = Automatic;
				INFOPLIST_FILE = PSIIndexApp/Info.plist;
				LD_RUNPATH_SEARCH_PATHS = (
					"$(inherited)",
					"@executable_path/Frameworks",
				);
				PRODUCT_BUNDLE_IDENTIFIER = com.prateek.psiindex.PSIIndexApp;
				PRODUCT_NAME = "$(TARGET_NAME)";
				SWIFT_VERSION = 5.0;
				TARGETED_DEVICE_FAMILY = "1,2";
			};
			name = Debug;
		};
		6E987B742388D8570002AA05 /* Release */ = {
			isa = XCBuildConfiguration;
			baseConfigurationReference = 3EEABB081787D9A438F66154 /* Pods-PSIIndexApp.release.xcconfig */;
			buildSettings = {
				ASSETCATALOG_COMPILER_APPICON_NAME = AppIcon;
				CODE_SIGN_STYLE = Automatic;
				INFOPLIST_FILE = PSIIndexApp/Info.plist;
				LD_RUNPATH_SEARCH_PATHS = (
					"$(inherited)",
					"@executable_path/Frameworks",
				);
				PRODUCT_BUNDLE_IDENTIFIER = com.prateek.psiindex.PSIIndexApp;
				PRODUCT_NAME = "$(TARGET_NAME)";
				SWIFT_VERSION = 5.0;
				TARGETED_DEVICE_FAMILY = "1,2";
			};
			name = Release;
		};
		6E987B762388D8570002AA05 /* Debug */ = {
			isa = XCBuildConfiguration;
			baseConfigurationReference = 0251A36234CA18163E6B5CFF /* Pods-PSIIndexAppTests.debug.xcconfig */;
			buildSettings = {
				ALWAYS_EMBED_SWIFT_STANDARD_LIBRARIES = YES;
				BUNDLE_LOADER = "$(TEST_HOST)";
				CODE_SIGN_STYLE = Automatic;
				INFOPLIST_FILE = PSIIndexAppTests/Info.plist;
				IPHONEOS_DEPLOYMENT_TARGET = 13.1;
				LD_RUNPATH_SEARCH_PATHS = (
					"$(inherited)",
					"@executable_path/Frameworks",
					"@loader_path/Frameworks",
				);
				PRODUCT_BUNDLE_IDENTIFIER = com.prateek.psiindex.PSIIndexAppTests;
				PRODUCT_NAME = "$(TARGET_NAME)";
				SWIFT_VERSION = 5.0;
				TARGETED_DEVICE_FAMILY = "1,2";
				TEST_HOST = "$(BUILT_PRODUCTS_DIR)/PSIIndexApp.app/PSIIndexApp";
			};
			name = Debug;
		};
		6E987B772388D8570002AA05 /* Release */ = {
			isa = XCBuildConfiguration;
			baseConfigurationReference = 06C4737F5A6A14586F921041 /* Pods-PSIIndexAppTests.release.xcconfig */;
			buildSettings = {
				ALWAYS_EMBED_SWIFT_STANDARD_LIBRARIES = YES;
				BUNDLE_LOADER = "$(TEST_HOST)";
				CODE_SIGN_STYLE = Automatic;
				INFOPLIST_FILE = PSIIndexAppTests/Info.plist;
				IPHONEOS_DEPLOYMENT_TARGET = 13.1;
				LD_RUNPATH_SEARCH_PATHS = (
					"$(inherited)",
					"@executable_path/Frameworks",
					"@loader_path/Frameworks",
				);
				PRODUCT_BUNDLE_IDENTIFIER = com.prateek.psiindex.PSIIndexAppTests;
				PRODUCT_NAME = "$(TARGET_NAME)";
				SWIFT_VERSION = 5.0;
				TARGETED_DEVICE_FAMILY = "1,2";
				TEST_HOST = "$(BUILT_PRODUCTS_DIR)/PSIIndexApp.app/PSIIndexApp";
			};
			name = Release;
		};
		6E987B792388D8570002AA05 /* Debug */ = {
			isa = XCBuildConfiguration;
			baseConfigurationReference = B65BB26518A0550D18BB8F7D /* Pods-PSIIndexApp-PSIIndexAppUITests.debug.xcconfig */;
			buildSettings = {
				ALWAYS_EMBED_SWIFT_STANDARD_LIBRARIES = YES;
				CODE_SIGN_STYLE = Automatic;
				INFOPLIST_FILE = PSIIndexAppUITests/Info.plist;
				LD_RUNPATH_SEARCH_PATHS = (
					"$(inherited)",
					"@executable_path/Frameworks",
					"@loader_path/Frameworks",
				);
				PRODUCT_BUNDLE_IDENTIFIER = com.prateek.psiindex.PSIIndexAppUITests;
				PRODUCT_NAME = "$(TARGET_NAME)";
				SWIFT_VERSION = 5.0;
				TARGETED_DEVICE_FAMILY = "1,2";
				TEST_TARGET_NAME = PSIIndexApp;
			};
			name = Debug;
		};
		6E987B7A2388D8570002AA05 /* Release */ = {
			isa = XCBuildConfiguration;
			baseConfigurationReference = 8915D0F9E6473D5379CC917A /* Pods-PSIIndexApp-PSIIndexAppUITests.release.xcconfig */;
			buildSettings = {
				ALWAYS_EMBED_SWIFT_STANDARD_LIBRARIES = YES;
				CODE_SIGN_STYLE = Automatic;
				INFOPLIST_FILE = PSIIndexAppUITests/Info.plist;
				LD_RUNPATH_SEARCH_PATHS = (
					"$(inherited)",
					"@executable_path/Frameworks",
					"@loader_path/Frameworks",
				);
				PRODUCT_BUNDLE_IDENTIFIER = com.prateek.psiindex.PSIIndexAppUITests;
				PRODUCT_NAME = "$(TARGET_NAME)";
				SWIFT_VERSION = 5.0;
				TARGETED_DEVICE_FAMILY = "1,2";
				TEST_TARGET_NAME = PSIIndexApp;
			};
			name = Release;
		};
/* End XCBuildConfiguration section */

/* Begin XCConfigurationList section */
		6E987B412388D8560002AA05 /* Build configuration list for PBXProject "PSIIndexApp" */ = {
			isa = XCConfigurationList;
			buildConfigurations = (
				6E987B702388D8570002AA05 /* Debug */,
				6E987B712388D8570002AA05 /* Release */,
			);
			defaultConfigurationIsVisible = 0;
			defaultConfigurationName = Release;
		};
		6E987B722388D8570002AA05 /* Build configuration list for PBXNativeTarget "PSIIndexApp" */ = {
			isa = XCConfigurationList;
			buildConfigurations = (
				6E987B732388D8570002AA05 /* Debug */,
				6E987B742388D8570002AA05 /* Release */,
			);
			defaultConfigurationIsVisible = 0;
			defaultConfigurationName = Release;
		};
		6E987B752388D8570002AA05 /* Build configuration list for PBXNativeTarget "PSIIndexAppTests" */ = {
			isa = XCConfigurationList;
			buildConfigurations = (
				6E987B762388D8570002AA05 /* Debug */,
				6E987B772388D8570002AA05 /* Release */,
			);
			defaultConfigurationIsVisible = 0;
			defaultConfigurationName = Release;
		};
		6E987B782388D8570002AA05 /* Build configuration list for PBXNativeTarget "PSIIndexAppUITests" */ = {
			isa = XCConfigurationList;
			buildConfigurations = (
				6E987B792388D8570002AA05 /* Debug */,
				6E987B7A2388D8570002AA05 /* Release */,
			);
			defaultConfigurationIsVisible = 0;
			defaultConfigurationName = Release;
		};
/* End XCConfigurationList section */
	};
	rootObject = 6E987B3E2388D8560002AA05 /* Project object */;
}
